
Microsoft Visual Studio Solution File, Format Version 12.00
# Visual Studio Version 17
VisualStudioVersion = 17.10.35122.118
MinimumVisualStudioVersion = 10.0.40219.1
Project("{FAE04EC0-301F-11D3-BF4B-00C04F79EFBC}") = "Music-Booking-App.API", "src\Music-Booking-App.API\Music-Booking-App.API.csproj", "{0B797F35-EBCD-18B4-8E3B-CC588293F3CC}"
EndProject
Project("{FAE04EC0-301F-11D3-BF4B-00C04F79EFBC}") = "Music-Booking-App.Core", "src\Music-Booking-App.Core\Music-Booking-App.Core.csproj", "{AA2E7270-578D-F8DC-FD02-DB1A55888C76}"
EndProject
Project("{FAE04EC0-301F-11D3-BF4B-00C04F79EFBC}") = "Music-Booking-App.Data", "src\Music-Booking-App.Data\Music-Booking-App.Data.csproj", "{92F8EB5F-DC4B-3CEC-5BAE-1C4432E6A458}"
EndProject
Project("{FAE04EC0-301F-11D3-BF4B-00C04F79EFBC}") = "Music-Booking-App.Migrations", "src\Music-Booking-App.Migrations\Music-Booking-App.Migrations.csproj", "{1226B229-56EC-5AAA-D3A3-5E9F955D1F5F}"
EndProject
Project("{FAE04EC0-301F-11D3-BF4B-00C04F79EFBC}") = "Music-Booking-App.Models", "src\Music-Booking-App.Models\Music-Booking-App.Models.csproj", "{2F1F27BA-6F2B-1A09-97D3-2104B76D12FC}"
EndProject
Project("{FAE04EC0-301F-11D3-BF4B-00C04F79EFBC}") = "Music-Booking-App.Services", "src\Music-Booking-App.Services\Music-Booking-App.Services.csproj", "{97E3B0E0-3786-AC75-6627-325BBC26EEF0}"
EndProject
Project("{FAE04EC0-301F-11D3-BF4B-00C04F79EFBC}") = "Music-Booking-App.Subscribers", "src\Music-Booking-App.Subscribers\Music-Booking-App.Subscribers.csproj", "{4B8707F7-A71F-C479-1C8B-F27AC833D49B}"
EndProject
Global
	GlobalSection(SolutionConfigurationPlatforms) = preSolution
		Debug|Any CPU = Debug|Any CPU
		Release|Any CPU = Release|Any CPU
	EndGlobalSection
	GlobalSection(ProjectConfigurationPlatforms) = postSolution
		{0B797F35-EBCD-18B4-8E3B-CC588293F3CC}.Debug|Any CPU.ActiveCfg = Debug|Any CPU
		{0B797F35-EBCD-18B4-8E3B-CC588293F3CC}.Debug|Any CPU.Build.0 = Debug|Any CPU
		{0B797F35-EBCD-18B4-8E3B-CC588293F3CC}.Release|Any CPU.ActiveCfg = Release|Any CPU
		{0B797F35-EBCD-18B4-8E3B-CC588293F3CC}.Release|Any CPU.Build.0 = Release|Any CPU
		{AA2E7270-578D-F8DC-FD02-DB1A55888C76}.Debug|Any CPU.ActiveCfg = Debug|Any CPU
		{AA2E7270-578D-F8DC-FD02-DB1A55888C76}.Debug|Any CPU.Build.0 = Debug|Any CPU
		{AA2E7270-578D-F8DC-FD02-DB1A55888C76}.Release|Any CPU.ActiveCfg = Release|Any CPU
		{AA2E7270-578D-F8DC-FD02-DB1A55888C76}.Release|Any CPU.Build.0 = Release|Any CPU
		{92F8EB5F-DC4B-3CEC-5BAE-1C4432E6A458}.Debug|Any CPU.ActiveCfg = Debug|Any CPU
		{92F8EB5F-DC4B-3CEC-5BAE-1C4432E6A458}.Debug|Any CPU.Build.0 = Debug|Any CPU
		{92F8EB5F-DC4B-3CEC-5BAE-1C4432E6A458}.Release|Any CPU.ActiveCfg = Release|Any CPU
		{92F8EB5F-DC4B-3CEC-5BAE-1C4432E6A458}.Release|Any CPU.Build.0 = Release|Any CPU
		{1226B229-56EC-5AAA-D3A3-5E9F955D1F5F}.Debug|Any CPU.ActiveCfg = Debug|Any CPU
		{1226B229-56EC-5AAA-D3A3-5E9F955D1F5F}.Debug|Any CPU.Build.0 = Debug|Any CPU
		{1226B229-56EC-5AAA-D3A3-5E9F955D1F5F}.Release|Any CPU.ActiveCfg = Release|Any CPU
		{1226B229-56EC-5AAA-D3A3-5E9F955D1F5F}.Release|Any CPU.Build.0 = Release|Any CPU
		{2F1F27BA-6F2B-1A09-97D3-2104B76D12FC}.Debug|Any CPU.ActiveCfg = Debug|Any CPU
		{2F1F27BA-6F2B-1A09-97D3-2104B76D12FC}.Debug|Any CPU.Build.0 = Debug|Any CPU
		{2F1F27BA-6F2B-1A09-97D3-2104B76D12FC}.Release|Any CPU.ActiveCfg = Release|Any CPU
		{2F1F27BA-6F2B-1A09-97D3-2104B76D12FC}.Release|Any CPU.Build.0 = Release|Any CPU
		{97E3B0E0-3786-AC75-6627-325BBC26EEF0}.Debug|Any CPU.ActiveCfg = Debug|Any CPU
		{97E3B0E0-3786-AC75-6627-325BBC26EEF0}.Debug|Any CPU.Build.0 = Debug|Any CPU
		{97E3B0E0-3786-AC75-6627-325BBC26EEF0}.Release|Any CPU.ActiveCfg = Release|Any CPU
		{97E3B0E0-3786-AC75-6627-325BBC26EEF0}.Release|Any CPU.Build.0 = Release|Any CPU
		{4B8707F7-A71F-C479-1C8B-F27AC833D49B}.Debug|Any CPU.ActiveCfg = Debug|Any CPU
		{4B8707F7-A71F-C479-1C8B-F27AC833D49B}.Debug|Any CPU.Build.0 = Debug|Any CPU
		{4B8707F7-A71F-C479-1C8B-F27AC833D49B}.Release|Any CPU.ActiveCfg = Release|Any CPU
		{4B8707F7-A71F-C479-1C8B-F27AC833D49B}.Release|Any CPU.Build.0 = Release|Any CPU
	EndGlobalSection
	GlobalSection(SolutionProperties) = preSolution
		HideSolutionNode = FALSE
	EndGlobalSection
	GlobalSection(ExtensibilityGlobals) = postSolution
		SolutionGuid = {AE0F29F9-5645-4B50-9D87-B3DD68588F38}
	EndGlobalSection
EndGlobal
